
Microsoft Visual Studio Solution File, Format Version 12.00
# Visual Studio Version 16
VisualStudioVersion = 16.0.35325.158
MinimumVisualStudioVersion = 10.0.40219.1
Project("{FAE04EC0-301F-11D3-BF4B-00C04F79EFBC}") = "website", "website\website.csproj", "{45E44B73-A8CD-4A41-AC34-611F3366B869}"
EndProject
Global
	GlobalSection(SolutionConfigurationPlatforms) = preSolution
		Debug|Any CPU = Debug|Any CPU
		Release|Any CPU = Release|Any CPU
	EndGlobalSection
	GlobalSection(ProjectConfigurationPlatforms) = postSolution
		{45E44B73-A8CD-4A41-AC34-611F3366B869}.Debug|Any CPU.ActiveCfg = Debug|Any CPU
		{45E44B73-A8CD-4A41-AC34-611F3366B869}.Debug|Any CPU.Build.0 = Debug|Any CPU
		{45E44B73-A8CD-4A41-AC34-611F3366B869}.Release|Any CPU.ActiveCfg = Release|Any CPU
		{45E44B73-A8CD-4A41-AC34-611F3366B869}.Release|Any CPU.Build.0 = Release|Any CPU
	EndGlobalSection
	GlobalSection(SolutionProperties) = preSolution
		HideSolutionNode = FALSE
	EndGlobalSection
	GlobalSection(ExtensibilityGlobals) = postSolution
		SolutionGuid = {C1EF0494-10EF-4E1E-9CFC-00DCB6FCF43B}
	EndGlobalSection
EndGlobal
